
Microsoft Visual Studio Solution File, Format Version 12.00
# Visual Studio Version 16
VisualStudioVersion = 16.0.31025.194
MinimumVisualStudioVersion = 10.0.40219.1
Project("{FAE04EC0-301F-11D3-BF4B-00C04F79EFBC}") = "Лаба 4", "Лаба 4\Лаба 4.csproj", "{1174A644-BE3B-4656-BCBD-4C01730EBF5B}"
EndProject
Global
	GlobalSection(SolutionConfigurationPlatforms) = preSolution
		Debug|Any CPU = Debug|Any CPU
		Release|Any CPU = Release|Any CPU
	EndGlobalSection
	GlobalSection(ProjectConfigurationPlatforms) = postSolution
		{1174A644-BE3B-4656-BCBD-4C01730EBF5B}.Debug|Any CPU.ActiveCfg = Debug|Any CPU
		{1174A644-BE3B-4656-BCBD-4C01730EBF5B}.Debug|Any CPU.Build.0 = Debug|Any CPU
		{1174A644-BE3B-4656-BCBD-4C01730EBF5B}.Release|Any CPU.ActiveCfg = Release|Any CPU
		{1174A644-BE3B-4656-BCBD-4C01730EBF5B}.Release|Any CPU.Build.0 = Release|Any CPU
	EndGlobalSection
	GlobalSection(SolutionProperties) = preSolution
		HideSolutionNode = FALSE
	EndGlobalSection
	GlobalSection(ExtensibilityGlobals) = postSolution
		SolutionGuid = {1F46CD59-6981-4C55-972E-B92128CC8519}
	EndGlobalSection
EndGlobal
